// !$*UTF8*$!
{
	archiveVersion = 1;
	classes = {
	};
	objectVersion = 46;
	objects = {

/* Begin PBXBuildFile section */
		9D09EA0816727A4300AF676E /* TPLostFormViewController.m in Sources */ = {isa = PBXBuildFile; fileRef = 9D09EA0716727A4300AF676E /* TPLostFormViewController.m */; };
		9D0DFAD4166E140F00431132 /* UIKit.framework in Frameworks */ = {isa = PBXBuildFile; fileRef = 9D0DFAD3166E140F00431132 /* UIKit.framework */; };
		9D0DFAD6166E140F00431132 /* Foundation.framework in Frameworks */ = {isa = PBXBuildFile; fileRef = 9D0DFAD5166E140F00431132 /* Foundation.framework */; };
		9D0DFAD8166E140F00431132 /* CoreGraphics.framework in Frameworks */ = {isa = PBXBuildFile; fileRef = 9D0DFAD7166E140F00431132 /* CoreGraphics.framework */; };
		9D0DFADE166E140F00431132 /* InfoPlist.strings in Resources */ = {isa = PBXBuildFile; fileRef = 9D0DFADC166E140F00431132 /* InfoPlist.strings */; };
		9D0DFAE0166E140F00431132 /* main.m in Sources */ = {isa = PBXBuildFile; fileRef = 9D0DFADF166E140F00431132 /* main.m */; };
		9D0DFAED166E140F00431132 /* MainStoryboard.storyboard in Resources */ = {isa = PBXBuildFile; fileRef = 9D0DFAEB166E140F00431132 /* MainStoryboard.storyboard */; };
		9D0DFAF0166E140F00431132 /* TPCameraViewController.m in Sources */ = {isa = PBXBuildFile; fileRef = 9D0DFAEF166E140F00431132 /* TPCameraViewController.m */; };
		9D0DFAF2166E140F00431132 /* first.png in Resources */ = {isa = PBXBuildFile; fileRef = 9D0DFAF1166E140F00431132 /* first.png */; };
		9D0DFAF4166E140F00431132 /* first@2x.png in Resources */ = {isa = PBXBuildFile; fileRef = 9D0DFAF3166E140F00431132 /* first@2x.png */; };
		9D0DFAF9166E140F00431132 /* second.png in Resources */ = {isa = PBXBuildFile; fileRef = 9D0DFAF8166E140F00431132 /* second.png */; };
		9D0DFAFB166E140F00431132 /* second@2x.png in Resources */ = {isa = PBXBuildFile; fileRef = 9D0DFAFA166E140F00431132 /* second@2x.png */; };
		9D1B9A36167385C90076F90F /* TPFoundFormViewController.m in Sources */ = {isa = PBXBuildFile; fileRef = 9D1B9A35167385C90076F90F /* TPFoundFormViewController.m */; };
		9D1B9A3D1673AA1E0076F90F /* MapKit.framework in Frameworks */ = {isa = PBXBuildFile; fileRef = 9D1B9A3C1673AA1E0076F90F /* MapKit.framework */; };
		9D1B9A4116745ECE0076F90F /* TPLostFoundCollectionViewController.m in Sources */ = {isa = PBXBuildFile; fileRef = 9D1B9A4016745ECE0076F90F /* TPLostFoundCollectionViewController.m */; };
		9D7F1181167AB1A3006C45C8 /* default_photo.png in Resources */ = {isa = PBXBuildFile; fileRef = 9D7F117F167AB1A3006C45C8 /* default_photo.png */; };
		9D7F1182167AB1A3006C45C8 /* default_photo@2x.png in Resources */ = {isa = PBXBuildFile; fileRef = 9D7F1180167AB1A3006C45C8 /* default_photo@2x.png */; };
		9DA1647B167A1BB1003CE8FF /* takeMeHome.png in Resources */ = {isa = PBXBuildFile; fileRef = 9DA1647A167A1BB1003CE8FF /* takeMeHome.png */; };
		9DA1647F167A1E64003CE8FF /* X-Large_278x44_glowy.png in Resources */ = {isa = PBXBuildFile; fileRef = 9DA1647E167A1E64003CE8FF /* X-Large_278x44_glowy.png */; };
		9DA16484167A201B003CE8FF /* Accounts.framework in Frameworks */ = {isa = PBXBuildFile; fileRef = 9DA16483167A201B003CE8FF /* Accounts.framework */; };
		9DA16486167A2022003CE8FF /* MobileCoreServices.framework in Frameworks */ = {isa = PBXBuildFile; fileRef = 9DA16485167A2021003CE8FF /* MobileCoreServices.framework */; settings = {ATTRIBUTES = (Required, ); }; };
		9DA16488167A202A003CE8FF /* Social.framework in Frameworks */ = {isa = PBXBuildFile; fileRef = 9DA16487167A202A003CE8FF /* Social.framework */; };
		9DA1648A167A2151003CE8FF /* FacebookSDK.framework in Frameworks */ = {isa = PBXBuildFile; fileRef = 9DA16489167A2151003CE8FF /* FacebookSDK.framework */; };
		9DA1648C167A217B003CE8FF /* FacebookSDKResources.bundle in Resources */ = {isa = PBXBuildFile; fileRef = 9DA1648B167A217B003CE8FF /* FacebookSDKResources.bundle */; };
		9DA16492167A2B60003CE8FF /* AdSupport.framework in Frameworks */ = {isa = PBXBuildFile; fileRef = 9DA16491167A2B60003CE8FF /* AdSupport.framework */; };
		9DA5C8B9167E345C00159879 /* local_profile.plist in Resources */ = {isa = PBXBuildFile; fileRef = 9DA5C8B8167E345C00159879 /* local_profile.plist */; };
		9DDD0298166F092400F6FE1B /* TPFeedTableViewController.m in Sources */ = {isa = PBXBuildFile; fileRef = 9DDD0297166F092400F6FE1B /* TPFeedTableViewController.m */; };
		9DDD02B0166F3A7400F6FE1B /* TPFeedTableCell.m in Sources */ = {isa = PBXBuildFile; fileRef = 9DDD02AF166F3A7400F6FE1B /* TPFeedTableCell.m */; };
		ED257008167EECBB00163A54 /* TPAdoptTableViewController.m in Sources */ = {isa = PBXBuildFile; fileRef = ED257007167EECBB00163A54 /* TPAdoptTableViewController.m */; };
		ED257010167EF4E900163A54 /* TPAdoptCollectionViewController.m in Sources */ = {isa = PBXBuildFile; fileRef = ED25700F167EF4E900163A54 /* TPAdoptCollectionViewController.m */; };
		ED257071167F579900163A54 /* TPFoundToolbar.xib in Resources */ = {isa = PBXBuildFile; fileRef = ED257070167F579900163A54 /* TPFoundToolbar.xib */; };
		ED257073167F5E8D00163A54 /* TPLostToolbar.xib in Resources */ = {isa = PBXBuildFile; fileRef = ED257072167F5E8D00163A54 /* TPLostToolbar.xib */; };
		ED257079167F686400163A54 /* appicon.png in Resources */ = {isa = PBXBuildFile; fileRef = ED257078167F686400163A54 /* appicon.png */; };
		ED25707D167F72CA00163A54 /* Icon.png in Resources */ = {isa = PBXBuildFile; fileRef = ED25707C167F72C900163A54 /* Icon.png */; };
		ED25707F167F72E500163A54 /* Default.png in Resources */ = {isa = PBXBuildFile; fileRef = ED25707E167F72E400163A54 /* Default.png */; };
		ED257081167F730100163A54 /* launchimage.png in Resources */ = {isa = PBXBuildFile; fileRef = ED257080167F730100163A54 /* launchimage.png */; };
		ED257083167F735700163A54 /* Default@2x.png in Resources */ = {isa = PBXBuildFile; fileRef = ED257082167F735700163A54 /* Default@2x.png */; };
		ED257087167F73E400163A54 /* appicon@2x.png in Resources */ = {isa = PBXBuildFile; fileRef = ED257086167F73E400163A54 /* appicon@2x.png */; };
		ED28E261167ACEED0054BEF3 /* TPProfileTableViewController.m in Sources */ = {isa = PBXBuildFile; fileRef = ED28E260167ACEED0054BEF3 /* TPProfileTableViewController.m */; };
		ED28E264167ACF4D0054BEF3 /* TPLoginViewController.m in Sources */ = {isa = PBXBuildFile; fileRef = ED28E263167ACF4D0054BEF3 /* TPLoginViewController.m */; };
		ED28E267167ACFB40054BEF3 /* TPHomeViewController.m in Sources */ = {isa = PBXBuildFile; fileRef = ED28E266167ACFB40054BEF3 /* TPHomeViewController.m */; };
		ED28E26A167AD0860054BEF3 /* TPAppDelegate.m in Sources */ = {isa = PBXBuildFile; fileRef = ED28E269167AD0860054BEF3 /* TPAppDelegate.m */; };
		ED28E271167AD38F0054BEF3 /* 82-dog-paw.png in Resources */ = {isa = PBXBuildFile; fileRef = ED28E26B167AD38F0054BEF3 /* 82-dog-paw.png */; };
		ED28E272167AD38F0054BEF3 /* 86-camera.png in Resources */ = {isa = PBXBuildFile; fileRef = ED28E26C167AD38F0054BEF3 /* 86-camera.png */; };
		ED28E273167AD38F0054BEF3 /* action-location.png in Resources */ = {isa = PBXBuildFile; fileRef = ED28E26D167AD38F0054BEF3 /* action-location.png */; };
		ED28E274167AD38F0054BEF3 /* action-people.png in Resources */ = {isa = PBXBuildFile; fileRef = ED28E26E167AD38F0054BEF3 /* action-people.png */; };
		ED28E275167AD38F0054BEF3 /* action-photo.png in Resources */ = {isa = PBXBuildFile; fileRef = ED28E26F167AD38F0054BEF3 /* action-photo.png */; };
		ED28E276167AD38F0054BEF3 /* Paw.png in Resources */ = {isa = PBXBuildFile; fileRef = ED28E270167AD38F0054BEF3 /* Paw.png */; };
		ED28E279167AD4450054BEF3 /* TPEditProfileTableViewController.m in Sources */ = {isa = PBXBuildFile; fileRef = ED28E278167AD4450054BEF3 /* TPEditProfileTableViewController.m */; };
		F4A943D9167EEEF500020104 /* BHAlbum.m in Sources */ = {isa = PBXBuildFile; fileRef = F4A943D6167EEEF500020104 /* BHAlbum.m */; };
		F4A943DA167EEEF500020104 /* BHPhoto.m in Sources */ = {isa = PBXBuildFile; fileRef = F4A943D8167EEEF500020104 /* BHPhoto.m */; };
		F4A943E6167EEF8200020104 /* BHAlbumPhotoCell.m in Sources */ = {isa = PBXBuildFile; fileRef = F4A943DD167EEF8200020104 /* BHAlbumPhotoCell.m */; };
		F4A943E7167EEF8200020104 /* BHAlbumTitleReusableView.m in Sources */ = {isa = PBXBuildFile; fileRef = F4A943DF167EEF8200020104 /* BHAlbumTitleReusableView.m */; };
		F4A943E8167EEF8200020104 /* BHCollectionViewController.m in Sources */ = {isa = PBXBuildFile; fileRef = F4A943E1167EEF8200020104 /* BHCollectionViewController.m */; };
		F4A943E9167EEF8200020104 /* BHEmblemView.m in Sources */ = {isa = PBXBuildFile; fileRef = F4A943E3167EEF8200020104 /* BHEmblemView.m */; };
		F4A943EA167EEF8200020104 /* BHPhotoAlbumLayout.m in Sources */ = {isa = PBXBuildFile; fileRef = F4A943E5167EEF8200020104 /* BHPhotoAlbumLayout.m */; };
		F4A943EE167EF1F800020104 /* QuartzCore.framework in Frameworks */ = {isa = PBXBuildFile; fileRef = F4A943ED167EF1F800020104 /* QuartzCore.framework */; };
		F4A94415167F750100020104 /* appicon.png in Resources */ = {isa = PBXBuildFile; fileRef = F4A94414167F750000020104 /* appicon.png */; };
		F4A94417167F750900020104 /* appicon@2x.png in Resources */ = {isa = PBXBuildFile; fileRef = F4A94416167F750800020104 /* appicon@2x.png */; };
		F4A9441B167F752100020104 /* Default@2x.png in Resources */ = {isa = PBXBuildFile; fileRef = F4A9441A167F752100020104 /* Default@2x.png */; };
		F4A9441F167F775000020104 /* background.png in Resources */ = {isa = PBXBuildFile; fileRef = F4A9441E167F775000020104 /* background.png */; };
		F4A94421167F816100020104 /* Default.png in Resources */ = {isa = PBXBuildFile; fileRef = F4A94420167F815A00020104 /* Default.png */; };
/* End PBXBuildFile section */

/* Begin PBXFileReference section */
		9D09EA0616727A4300AF676E /* TPLostFormViewController.h */ = {isa = PBXFileReference; fileEncoding = 4; lastKnownFileType = sourcecode.c.h; path = TPLostFormViewController.h; sourceTree = "<group>"; };
		9D09EA0716727A4300AF676E /* TPLostFormViewController.m */ = {isa = PBXFileReference; fileEncoding = 4; lastKnownFileType = sourcecode.c.objc; path = TPLostFormViewController.m; sourceTree = "<group>"; };
		9D0DFACF166E140F00431132 /* MeetMyPet.app */ = {isa = PBXFileReference; explicitFileType = wrapper.application; includeInIndex = 0; path = MeetMyPet.app; sourceTree = BUILT_PRODUCTS_DIR; };
		9D0DFAD3166E140F00431132 /* UIKit.framework */ = {isa = PBXFileReference; lastKnownFileType = wrapper.framework; name = UIKit.framework; path = System/Library/Frameworks/UIKit.framework; sourceTree = SDKROOT; };
		9D0DFAD5166E140F00431132 /* Foundation.framework */ = {isa = PBXFileReference; lastKnownFileType = wrapper.framework; name = Foundation.framework; path = System/Library/Frameworks/Foundation.framework; sourceTree = SDKROOT; };
		9D0DFAD7166E140F00431132 /* CoreGraphics.framework */ = {isa = PBXFileReference; lastKnownFileType = wrapper.framework; name = CoreGraphics.framework; path = System/Library/Frameworks/CoreGraphics.framework; sourceTree = SDKROOT; };
		9D0DFADB166E140F00431132 /* MeetMyPet-Info.plist */ = {isa = PBXFileReference; lastKnownFileType = text.plist.xml; path = "MeetMyPet-Info.plist"; sourceTree = "<group>"; };
		9D0DFADD166E140F00431132 /* en */ = {isa = PBXFileReference; lastKnownFileType = text.plist.strings; name = en; path = en.lproj/InfoPlist.strings; sourceTree = "<group>"; };
		9D0DFADF166E140F00431132 /* main.m */ = {isa = PBXFileReference; lastKnownFileType = sourcecode.c.objc; path = main.m; sourceTree = "<group>"; };
		9D0DFAE1166E140F00431132 /* MeetMyPet-Prefix.pch */ = {isa = PBXFileReference; lastKnownFileType = sourcecode.c.h; path = "MeetMyPet-Prefix.pch"; sourceTree = "<group>"; };
		9D0DFAEC166E140F00431132 /* en */ = {isa = PBXFileReference; lastKnownFileType = file.storyboard; name = en; path = en.lproj/MainStoryboard.storyboard; sourceTree = "<group>"; };
		9D0DFAEE166E140F00431132 /* TPCameraViewController.h */ = {isa = PBXFileReference; lastKnownFileType = sourcecode.c.h; path = TPCameraViewController.h; sourceTree = "<group>"; };
		9D0DFAEF166E140F00431132 /* TPCameraViewController.m */ = {isa = PBXFileReference; lastKnownFileType = sourcecode.c.objc; path = TPCameraViewController.m; sourceTree = "<group>"; };
		9D0DFAF1166E140F00431132 /* first.png */ = {isa = PBXFileReference; lastKnownFileType = image.png; path = first.png; sourceTree = "<group>"; };
		9D0DFAF3166E140F00431132 /* first@2x.png */ = {isa = PBXFileReference; lastKnownFileType = image.png; path = "first@2x.png"; sourceTree = "<group>"; };
		9D0DFAF8166E140F00431132 /* second.png */ = {isa = PBXFileReference; lastKnownFileType = image.png; path = second.png; sourceTree = "<group>"; };
		9D0DFAFA166E140F00431132 /* second@2x.png */ = {isa = PBXFileReference; lastKnownFileType = image.png; path = "second@2x.png"; sourceTree = "<group>"; };
		9D1B9A34167385C90076F90F /* TPFoundFormViewController.h */ = {isa = PBXFileReference; fileEncoding = 4; lastKnownFileType = sourcecode.c.h; path = TPFoundFormViewController.h; sourceTree = "<group>"; };
		9D1B9A35167385C90076F90F /* TPFoundFormViewController.m */ = {isa = PBXFileReference; fileEncoding = 4; lastKnownFileType = sourcecode.c.objc; path = TPFoundFormViewController.m; sourceTree = "<group>"; };
		9D1B9A3C1673AA1E0076F90F /* MapKit.framework */ = {isa = PBXFileReference; lastKnownFileType = wrapper.framework; name = MapKit.framework; path = System/Library/Frameworks/MapKit.framework; sourceTree = SDKROOT; };
		9D1B9A3F16745ECE0076F90F /* TPLostFoundCollectionViewController.h */ = {isa = PBXFileReference; fileEncoding = 4; lastKnownFileType = sourcecode.c.h; path = TPLostFoundCollectionViewController.h; sourceTree = "<group>"; };
		9D1B9A4016745ECE0076F90F /* TPLostFoundCollectionViewController.m */ = {isa = PBXFileReference; fileEncoding = 4; lastKnownFileType = sourcecode.c.objc; path = TPLostFoundCollectionViewController.m; sourceTree = "<group>"; };
		9D7F117F167AB1A3006C45C8 /* default_photo.png */ = {isa = PBXFileReference; lastKnownFileType = image.png; path = default_photo.png; sourceTree = "<group>"; };
		9D7F1180167AB1A3006C45C8 /* default_photo@2x.png */ = {isa = PBXFileReference; lastKnownFileType = image.png; path = "default_photo@2x.png"; sourceTree = "<group>"; };
		9DA1647A167A1BB1003CE8FF /* takeMeHome.png */ = {isa = PBXFileReference; lastKnownFileType = image.png; path = takeMeHome.png; sourceTree = "<group>"; };
		9DA1647E167A1E64003CE8FF /* X-Large_278x44_glowy.png */ = {isa = PBXFileReference; lastKnownFileType = image.png; path = "X-Large_278x44_glowy.png"; sourceTree = "<group>"; };
		9DA16483167A201B003CE8FF /* Accounts.framework */ = {isa = PBXFileReference; lastKnownFileType = wrapper.framework; name = Accounts.framework; path = System/Library/Frameworks/Accounts.framework; sourceTree = SDKROOT; };
		9DA16485167A2021003CE8FF /* MobileCoreServices.framework */ = {isa = PBXFileReference; lastKnownFileType = wrapper.framework; name = MobileCoreServices.framework; path = System/Library/Frameworks/MobileCoreServices.framework; sourceTree = SDKROOT; };
		9DA16487167A202A003CE8FF /* Social.framework */ = {isa = PBXFileReference; lastKnownFileType = wrapper.framework; name = Social.framework; path = System/Library/Frameworks/Social.framework; sourceTree = SDKROOT; };
		9DA16489167A2151003CE8FF /* FacebookSDK.framework */ = {isa = PBXFileReference; lastKnownFileType = wrapper.framework; path = FacebookSDK.framework; sourceTree = "<group>"; };
		9DA1648B167A217B003CE8FF /* FacebookSDKResources.bundle */ = {isa = PBXFileReference; lastKnownFileType = "wrapper.plug-in"; path = FacebookSDKResources.bundle; sourceTree = "<group>"; };
		9DA16491167A2B60003CE8FF /* AdSupport.framework */ = {isa = PBXFileReference; lastKnownFileType = wrapper.framework; name = AdSupport.framework; path = System/Library/Frameworks/AdSupport.framework; sourceTree = SDKROOT; };
		9DA5C8B8167E345C00159879 /* local_profile.plist */ = {isa = PBXFileReference; fileEncoding = 4; lastKnownFileType = text.plist.xml; path = local_profile.plist; sourceTree = "<group>"; };
		9DDD0296166F092400F6FE1B /* TPFeedTableViewController.h */ = {isa = PBXFileReference; fileEncoding = 4; lastKnownFileType = sourcecode.c.h; path = TPFeedTableViewController.h; sourceTree = "<group>"; };
		9DDD0297166F092400F6FE1B /* TPFeedTableViewController.m */ = {isa = PBXFileReference; fileEncoding = 4; lastKnownFileType = sourcecode.c.objc; path = TPFeedTableViewController.m; sourceTree = "<group>"; };
		9DDD02AE166F3A7400F6FE1B /* TPFeedTableCell.h */ = {isa = PBXFileReference; fileEncoding = 4; lastKnownFileType = sourcecode.c.h; path = TPFeedTableCell.h; sourceTree = "<group>"; };
		9DDD02AF166F3A7400F6FE1B /* TPFeedTableCell.m */ = {isa = PBXFileReference; fileEncoding = 4; lastKnownFileType = sourcecode.c.objc; path = TPFeedTableCell.m; sourceTree = "<group>"; };
		ED257006167EECBB00163A54 /* TPAdoptTableViewController.h */ = {isa = PBXFileReference; fileEncoding = 4; lastKnownFileType = sourcecode.c.h; path = TPAdoptTableViewController.h; sourceTree = "<group>"; };
		ED257007167EECBB00163A54 /* TPAdoptTableViewController.m */ = {isa = PBXFileReference; fileEncoding = 4; lastKnownFileType = sourcecode.c.objc; path = TPAdoptTableViewController.m; sourceTree = "<group>"; };
		ED25700E167EF4E900163A54 /* TPAdoptCollectionViewController.h */ = {isa = PBXFileReference; fileEncoding = 4; lastKnownFileType = sourcecode.c.h; path = TPAdoptCollectionViewController.h; sourceTree = "<group>"; };
		ED25700F167EF4E900163A54 /* TPAdoptCollectionViewController.m */ = {isa = PBXFileReference; fileEncoding = 4; lastKnownFileType = sourcecode.c.objc; path = TPAdoptCollectionViewController.m; sourceTree = "<group>"; };
		ED257070167F579900163A54 /* TPFoundToolbar.xib */ = {isa = PBXFileReference; fileEncoding = 4; lastKnownFileType = file.xib; path = TPFoundToolbar.xib; sourceTree = "<group>"; };
		ED257072167F5E8D00163A54 /* TPLostToolbar.xib */ = {isa = PBXFileReference; fileEncoding = 4; lastKnownFileType = file.xib; path = TPLostToolbar.xib; sourceTree = "<group>"; };
		ED257078167F686400163A54 /* appicon.png */ = {isa = PBXFileReference; lastKnownFileType = image.png; name = appicon.png; path = ../appicon.png; sourceTree = "<group>"; };
		ED25707C167F72C900163A54 /* Icon.png */ = {isa = PBXFileReference; lastKnownFileType = image.png; name = Icon.png; path = ../Icon.png; sourceTree = "<group>"; };
		ED25707E167F72E400163A54 /* Default.png */ = {isa = PBXFileReference; lastKnownFileType = image.png; name = Default.png; path = ../Default.png; sourceTree = "<group>"; };
		ED257080167F730100163A54 /* launchimage.png */ = {isa = PBXFileReference; lastKnownFileType = image.png; name = launchimage.png; path = ../launchimage.png; sourceTree = "<group>"; };
		ED257082167F735700163A54 /* Default@2x.png */ = {isa = PBXFileReference; lastKnownFileType = image.png; name = "Default@2x.png"; path = "../Default@2x.png"; sourceTree = "<group>"; };
		ED257086167F73E400163A54 /* appicon@2x.png */ = {isa = PBXFileReference; lastKnownFileType = image.png; name = "appicon@2x.png"; path = "../appicon@2x.png"; sourceTree = "<group>"; };
		ED28E25F167ACEED0054BEF3 /* TPProfileTableViewController.h */ = {isa = PBXFileReference; fileEncoding = 4; lastKnownFileType = sourcecode.c.h; path = TPProfileTableViewController.h; sourceTree = "<group>"; };
		ED28E260167ACEED0054BEF3 /* TPProfileTableViewController.m */ = {isa = PBXFileReference; fileEncoding = 4; lastKnownFileType = sourcecode.c.objc; path = TPProfileTableViewController.m; sourceTree = "<group>"; };
		ED28E262167ACF4D0054BEF3 /* TPLoginViewController.h */ = {isa = PBXFileReference; fileEncoding = 4; lastKnownFileType = sourcecode.c.h; path = TPLoginViewController.h; sourceTree = "<group>"; };
		ED28E263167ACF4D0054BEF3 /* TPLoginViewController.m */ = {isa = PBXFileReference; fileEncoding = 4; lastKnownFileType = sourcecode.c.objc; path = TPLoginViewController.m; sourceTree = "<group>"; };
		ED28E265167ACFB40054BEF3 /* TPHomeViewController.h */ = {isa = PBXFileReference; fileEncoding = 4; lastKnownFileType = sourcecode.c.h; path = TPHomeViewController.h; sourceTree = "<group>"; };
		ED28E266167ACFB40054BEF3 /* TPHomeViewController.m */ = {isa = PBXFileReference; fileEncoding = 4; lastKnownFileType = sourcecode.c.objc; path = TPHomeViewController.m; sourceTree = "<group>"; };
		ED28E268167AD0860054BEF3 /* TPAppDelegate.h */ = {isa = PBXFileReference; fileEncoding = 4; lastKnownFileType = sourcecode.c.h; path = TPAppDelegate.h; sourceTree = "<group>"; };
		ED28E269167AD0860054BEF3 /* TPAppDelegate.m */ = {isa = PBXFileReference; fileEncoding = 4; lastKnownFileType = sourcecode.c.objc; path = TPAppDelegate.m; sourceTree = "<group>"; };
		ED28E26B167AD38F0054BEF3 /* 82-dog-paw.png */ = {isa = PBXFileReference; lastKnownFileType = image.png; path = "82-dog-paw.png"; sourceTree = "<group>"; };
		ED28E26C167AD38F0054BEF3 /* 86-camera.png */ = {isa = PBXFileReference; lastKnownFileType = image.png; path = "86-camera.png"; sourceTree = "<group>"; };
		ED28E26D167AD38F0054BEF3 /* action-location.png */ = {isa = PBXFileReference; lastKnownFileType = image.png; path = "action-location.png"; sourceTree = "<group>"; };
		ED28E26E167AD38F0054BEF3 /* action-people.png */ = {isa = PBXFileReference; lastKnownFileType = image.png; path = "action-people.png"; sourceTree = "<group>"; };
		ED28E26F167AD38F0054BEF3 /* action-photo.png */ = {isa = PBXFileReference; lastKnownFileType = image.png; path = "action-photo.png"; sourceTree = "<group>"; };
		ED28E270167AD38F0054BEF3 /* Paw.png */ = {isa = PBXFileReference; lastKnownFileType = image.png; path = Paw.png; sourceTree = "<group>"; };
		ED28E277167AD4450054BEF3 /* TPEditProfileTableViewController.h */ = {isa = PBXFileReference; fileEncoding = 4; lastKnownFileType = sourcecode.c.h; path = TPEditProfileTableViewController.h; sourceTree = "<group>"; };
		ED28E278167AD4450054BEF3 /* TPEditProfileTableViewController.m */ = {isa = PBXFileReference; fileEncoding = 4; lastKnownFileType = sourcecode.c.objc; path = TPEditProfileTableViewController.m; sourceTree = "<group>"; };
		F4A943D5167EEEF500020104 /* BHAlbum.h */ = {isa = PBXFileReference; fileEncoding = 4; lastKnownFileType = sourcecode.c.h; path = BHAlbum.h; sourceTree = "<group>"; };
		F4A943D6167EEEF500020104 /* BHAlbum.m */ = {isa = PBXFileReference; fileEncoding = 4; lastKnownFileType = sourcecode.c.objc; path = BHAlbum.m; sourceTree = "<group>"; };
		F4A943D7167EEEF500020104 /* BHPhoto.h */ = {isa = PBXFileReference; fileEncoding = 4; lastKnownFileType = sourcecode.c.h; path = BHPhoto.h; sourceTree = "<group>"; };
		F4A943D8167EEEF500020104 /* BHPhoto.m */ = {isa = PBXFileReference; fileEncoding = 4; lastKnownFileType = sourcecode.c.objc; path = BHPhoto.m; sourceTree = "<group>"; };
		F4A943DC167EEF8200020104 /* BHAlbumPhotoCell.h */ = {isa = PBXFileReference; fileEncoding = 4; lastKnownFileType = sourcecode.c.h; path = BHAlbumPhotoCell.h; sourceTree = "<group>"; };
		F4A943DD167EEF8200020104 /* BHAlbumPhotoCell.m */ = {isa = PBXFileReference; fileEncoding = 4; lastKnownFileType = sourcecode.c.objc; path = BHAlbumPhotoCell.m; sourceTree = "<group>"; };
		F4A943DE167EEF8200020104 /* BHAlbumTitleReusableView.h */ = {isa = PBXFileReference; fileEncoding = 4; lastKnownFileType = sourcecode.c.h; path = BHAlbumTitleReusableView.h; sourceTree = "<group>"; };
		F4A943DF167EEF8200020104 /* BHAlbumTitleReusableView.m */ = {isa = PBXFileReference; fileEncoding = 4; lastKnownFileType = sourcecode.c.objc; path = BHAlbumTitleReusableView.m; sourceTree = "<group>"; };
		F4A943E0167EEF8200020104 /* BHCollectionViewController.h */ = {isa = PBXFileReference; fileEncoding = 4; lastKnownFileType = sourcecode.c.h; path = BHCollectionViewController.h; sourceTree = "<group>"; };
		F4A943E1167EEF8200020104 /* BHCollectionViewController.m */ = {isa = PBXFileReference; fileEncoding = 4; lastKnownFileType = sourcecode.c.objc; path = BHCollectionViewController.m; sourceTree = "<group>"; };
		F4A943E2167EEF8200020104 /* BHEmblemView.h */ = {isa = PBXFileReference; fileEncoding = 4; lastKnownFileType = sourcecode.c.h; path = BHEmblemView.h; sourceTree = "<group>"; };
		F4A943E3167EEF8200020104 /* BHEmblemView.m */ = {isa = PBXFileReference; fileEncoding = 4; lastKnownFileType = sourcecode.c.objc; path = BHEmblemView.m; sourceTree = "<group>"; };
		F4A943E4167EEF8200020104 /* BHPhotoAlbumLayout.h */ = {isa = PBXFileReference; fileEncoding = 4; lastKnownFileType = sourcecode.c.h; path = BHPhotoAlbumLayout.h; sourceTree = "<group>"; };
		F4A943E5167EEF8200020104 /* BHPhotoAlbumLayout.m */ = {isa = PBXFileReference; fileEncoding = 4; lastKnownFileType = sourcecode.c.objc; path = BHPhotoAlbumLayout.m; sourceTree = "<group>"; };
		F4A943ED167EF1F800020104 /* QuartzCore.framework */ = {isa = PBXFileReference; lastKnownFileType = wrapper.framework; name = QuartzCore.framework; path = System/Library/Frameworks/QuartzCore.framework; sourceTree = SDKROOT; };
		F4A94414167F750000020104 /* appicon.png */ = {isa = PBXFileReference; lastKnownFileType = image.png; name = appicon.png; path = ../appicon.png; sourceTree = "<group>"; };
		F4A94416167F750800020104 /* appicon@2x.png */ = {isa = PBXFileReference; lastKnownFileType = image.png; name = "appicon@2x.png"; path = "../appicon@2x.png"; sourceTree = "<group>"; };
		F4A9441A167F752100020104 /* Default@2x.png */ = {isa = PBXFileReference; lastKnownFileType = image.png; name = "Default@2x.png"; path = "../Default@2x.png"; sourceTree = "<group>"; };
		F4A9441E167F775000020104 /* background.png */ = {isa = PBXFileReference; lastKnownFileType = image.png; name = background.png; path = ../background.png; sourceTree = "<group>"; };
		F4A94420167F815A00020104 /* Default.png */ = {isa = PBXFileReference; lastKnownFileType = image.png; path = Default.png; sourceTree = "<group>"; };
/* End PBXFileReference section */

/* Begin PBXFrameworksBuildPhase section */
		9D0DFACC166E140F00431132 /* Frameworks */ = {
			isa = PBXFrameworksBuildPhase;
			buildActionMask = 2147483647;
			files = (
				F4A943EE167EF1F800020104 /* QuartzCore.framework in Frameworks */,
				9DA16492167A2B60003CE8FF /* AdSupport.framework in Frameworks */,
				9DA16488167A202A003CE8FF /* Social.framework in Frameworks */,
				9DA16486167A2022003CE8FF /* MobileCoreServices.framework in Frameworks */,
				9DA16484167A201B003CE8FF /* Accounts.framework in Frameworks */,
				9D1B9A3D1673AA1E0076F90F /* MapKit.framework in Frameworks */,
				9D0DFAD4166E140F00431132 /* UIKit.framework in Frameworks */,
				9D0DFAD6166E140F00431132 /* Foundation.framework in Frameworks */,
				9D0DFAD8166E140F00431132 /* CoreGraphics.framework in Frameworks */,
				9DA1648A167A2151003CE8FF /* FacebookSDK.framework in Frameworks */,
			);
			runOnlyForDeploymentPostprocessing = 0;
		};
/* End PBXFrameworksBuildPhase section */

/* Begin PBXGroup section */
		9D0DFAC4166E140F00431132 = {
			isa = PBXGroup;
			children = (
				9D0DFAD9166E140F00431132 /* MeetMyPet */,
				9D0DFAD2166E140F00431132 /* Frameworks */,
				9D0DFAD0166E140F00431132 /* Products */,
			);
			sourceTree = "<group>";
		};
		9D0DFAD0166E140F00431132 /* Products */ = {
			isa = PBXGroup;
			children = (
				9D0DFACF166E140F00431132 /* MeetMyPet.app */,
			);
			name = Products;
			sourceTree = "<group>";
		};
		9D0DFAD2166E140F00431132 /* Frameworks */ = {
			isa = PBXGroup;
			children = (
				F4A943ED167EF1F800020104 /* QuartzCore.framework */,
				9DA16491167A2B60003CE8FF /* AdSupport.framework */,
				9DA1648B167A217B003CE8FF /* FacebookSDKResources.bundle */,
				9DA16489167A2151003CE8FF /* FacebookSDK.framework */,
				9DA16487167A202A003CE8FF /* Social.framework */,
				9DA16485167A2021003CE8FF /* MobileCoreServices.framework */,
				9DA16483167A201B003CE8FF /* Accounts.framework */,
				9D1B9A3C1673AA1E0076F90F /* MapKit.framework */,
				9D0DFAD3166E140F00431132 /* UIKit.framework */,
				9D0DFAD5166E140F00431132 /* Foundation.framework */,
				9D0DFAD7166E140F00431132 /* CoreGraphics.framework */,
			);
			name = Frameworks;
			sourceTree = "<group>";
		};
		9D0DFAD9166E140F00431132 /* MeetMyPet */ = {
			isa = PBXGroup;
			children = (
				9DDD029D166F268600F6FE1B /* Home View */,
				9DA16478167A1B9C003CE8FF /* Images */,
				9DA1648D167A21C7003CE8FF /* Login */,
				9DDD0299166F0DF800F6FE1B /* News Feed */,
				9DDD0292166E659700F6FE1B /* Camera */,
				9D0DFAEB166E140F00431132 /* MainStoryboard.storyboard */,
				F4A9441E167F775000020104 /* background.png */,
				9D0DFAF1166E140F00431132 /* first.png */,
				9D0DFAF3166E140F00431132 /* first@2x.png */,
				9D0DFAF8166E140F00431132 /* second.png */,
				9D0DFAFA166E140F00431132 /* second@2x.png */,
				F4A9441A167F752100020104 /* Default@2x.png */,
				F4A94420167F815A00020104 /* Default.png */,
				F4A94416167F750800020104 /* appicon@2x.png */,
				F4A94414167F750000020104 /* appicon.png */,
				9D0DFADA166E140F00431132 /* Supporting Files */,
			);
			path = MeetMyPet;
			sourceTree = "<group>";
		};
		9D0DFADA166E140F00431132 /* Supporting Files */ = {
			isa = PBXGroup;
			children = (
				9D0DFADB166E140F00431132 /* MeetMyPet-Info.plist */,
				9D0DFADC166E140F00431132 /* InfoPlist.strings */,
				9D0DFADF166E140F00431132 /* main.m */,
				9D0DFAE1166E140F00431132 /* MeetMyPet-Prefix.pch */,
				9DA5C8B8167E345C00159879 /* local_profile.plist */,
			);
			name = "Supporting Files";
			sourceTree = "<group>";
		};
		9D1B9A3E16745EA30076F90F /* Lost and Found Collection */ = {
			isa = PBXGroup;
			children = (
				9DD307B61671C956002CCE4C /* Lost and Found Forms */,
				9D1B9A3F16745ECE0076F90F /* TPLostFoundCollectionViewController.h */,
				9D1B9A4016745ECE0076F90F /* TPLostFoundCollectionViewController.m */,
			);
			name = "Lost and Found Collection";
			sourceTree = "<group>";
		};
		9D7F1172167A74EA006C45C8 /* Profile */ = {
			isa = PBXGroup;
			children = (
				ED28E25F167ACEED0054BEF3 /* TPProfileTableViewController.h */,
				ED28E260167ACEED0054BEF3 /* TPProfileTableViewController.m */,
				ED28E27A167AD4890054BEF3 /* Edit Profile */,
			);
			name = Profile;
			sourceTree = "<group>";
		};
		9DA16478167A1B9C003CE8FF /* Images */ = {
			isa = PBXGroup;
			children = (
				ED257086167F73E400163A54 /* appicon@2x.png */,
				ED257082167F735700163A54 /* Default@2x.png */,
				ED257080167F730100163A54 /* launchimage.png */,
				ED25707E167F72E400163A54 /* Default.png */,
				ED25707C167F72C900163A54 /* Icon.png */,
				ED257078167F686400163A54 /* appicon.png */,
				ED28E26B167AD38F0054BEF3 /* 82-dog-paw.png */,
				ED28E26C167AD38F0054BEF3 /* 86-camera.png */,
				ED28E26D167AD38F0054BEF3 /* action-location.png */,
				ED28E26E167AD38F0054BEF3 /* action-people.png */,
				ED28E26F167AD38F0054BEF3 /* action-photo.png */,
				ED28E270167AD38F0054BEF3 /* Paw.png */,
				9D7F117F167AB1A3006C45C8 /* default_photo.png */,
				9D7F1180167AB1A3006C45C8 /* default_photo@2x.png */,
				9DA1647A167A1BB1003CE8FF /* takeMeHome.png */,
				9DA1647E167A1E64003CE8FF /* X-Large_278x44_glowy.png */,
			);
			name = Images;
			sourceTree = "<group>";
		};
		9DA1648D167A21C7003CE8FF /* Login */ = {
			isa = PBXGroup;
			children = (
				ED28E262167ACF4D0054BEF3 /* TPLoginViewController.h */,
				ED28E263167ACF4D0054BEF3 /* TPLoginViewController.m */,
			);
			name = Login;
			sourceTree = "<group>";
		};
		9DD307B61671C956002CCE4C /* Lost and Found Forms */ = {
			isa = PBXGroup;
			children = (
				9D09EA0616727A4300AF676E /* TPLostFormViewController.h */,
				9D09EA0716727A4300AF676E /* TPLostFormViewController.m */,
				9D1B9A34167385C90076F90F /* TPFoundFormViewController.h */,
				9D1B9A35167385C90076F90F /* TPFoundFormViewController.m */,
				ED257070167F579900163A54 /* TPFoundToolbar.xib */,
				ED257072167F5E8D00163A54 /* TPLostToolbar.xib */,
			);
			name = "Lost and Found Forms";
			sourceTree = "<group>";
		};
		9DDD0292166E659700F6FE1B /* Camera */ = {
			isa = PBXGroup;
			children = (
				ED28E268167AD0860054BEF3 /* TPAppDelegate.h */,
				ED28E269167AD0860054BEF3 /* TPAppDelegate.m */,
				9D0DFAEE166E140F00431132 /* TPCameraViewController.h */,
				9D0DFAEF166E140F00431132 /* TPCameraViewController.m */,
			);
			name = Camera;
			sourceTree = "<group>";
		};
		9DDD0299166F0DF800F6FE1B /* News Feed */ = {
			isa = PBXGroup;
			children = (
				9DDD0296166F092400F6FE1B /* TPFeedTableViewController.h */,
				9DDD0297166F092400F6FE1B /* TPFeedTableViewController.m */,
				9DDD02AE166F3A7400F6FE1B /* TPFeedTableCell.h */,
				9DDD02AF166F3A7400F6FE1B /* TPFeedTableCell.m */,
			);
			name = "News Feed";
			sourceTree = "<group>";
		};
		9DDD029D166F268600F6FE1B /* Home View */ = {
			isa = PBXGroup;
			children = (
				F4A943DB167EEEF900020104 /* View */,
				F4A943D4167EEEC900020104 /* Model */,
				ED28E265167ACFB40054BEF3 /* TPHomeViewController.h */,
				ED28E266167ACFB40054BEF3 /* TPHomeViewController.m */,
				9D1B9A3E16745EA30076F90F /* Lost and Found Collection */,
				ED257000167EEC1E00163A54 /* Adopt Collection View */,
				9D7F1172167A74EA006C45C8 /* Profile */,
			);
			name = "Home View";
			sourceTree = "<group>";
		};
		ED257000167EEC1E00163A54 /* Adopt Collection View */ = {
			isa = PBXGroup;
			children = (
				ED257005167EEC8200163A54 /* Adopt Forms */,
				ED25700E167EF4E900163A54 /* TPAdoptCollectionViewController.h */,
				ED25700F167EF4E900163A54 /* TPAdoptCollectionViewController.m */,
			);
			name = "Adopt Collection View";
			sourceTree = "<group>";
		};
		ED257005167EEC8200163A54 /* Adopt Forms */ = {
			isa = PBXGroup;
			children = (
				ED257006167EECBB00163A54 /* TPAdoptTableViewController.h */,
				ED257007167EECBB00163A54 /* TPAdoptTableViewController.m */,
			);
			name = "Adopt Forms";
			sourceTree = "<group>";
		};
		ED28E27A167AD4890054BEF3 /* Edit Profile */ = {
			isa = PBXGroup;
			children = (
				ED28E277167AD4450054BEF3 /* TPEditProfileTableViewController.h */,
				ED28E278167AD4450054BEF3 /* TPEditProfileTableViewController.m */,
			);
			name = "Edit Profile";
			sourceTree = "<group>";
		};
		F4A943D4167EEEC900020104 /* Model */ = {
			isa = PBXGroup;
			children = (
				F4A943D5167EEEF500020104 /* BHAlbum.h */,
				F4A943D6167EEEF500020104 /* BHAlbum.m */,
				F4A943D7167EEEF500020104 /* BHPhoto.h */,
				F4A943D8167EEEF500020104 /* BHPhoto.m */,
			);
			name = Model;
			sourceTree = "<group>";
		};
		F4A943DB167EEEF900020104 /* View */ = {
			isa = PBXGroup;
			children = (
				F4A943DC167EEF8200020104 /* BHAlbumPhotoCell.h */,
				F4A943DD167EEF8200020104 /* BHAlbumPhotoCell.m */,
				F4A943DE167EEF8200020104 /* BHAlbumTitleReusableView.h */,
				F4A943DF167EEF8200020104 /* BHAlbumTitleReusableView.m */,
				F4A943E0167EEF8200020104 /* BHCollectionViewController.h */,
				F4A943E1167EEF8200020104 /* BHCollectionViewController.m */,
				F4A943E2167EEF8200020104 /* BHEmblemView.h */,
				F4A943E3167EEF8200020104 /* BHEmblemView.m */,
				F4A943E4167EEF8200020104 /* BHPhotoAlbumLayout.h */,
				F4A943E5167EEF8200020104 /* BHPhotoAlbumLayout.m */,
			);
			name = View;
			sourceTree = "<group>";
		};
/* End PBXGroup section */

/* Begin PBXNativeTarget section */
		9D0DFACE166E140F00431132 /* MeetMyPet */ = {
			isa = PBXNativeTarget;
			buildConfigurationList = 9D0DFAFE166E140F00431132 /* Build configuration list for PBXNativeTarget "MeetMyPet" */;
			buildPhases = (
				9D0DFACB166E140F00431132 /* Sources */,
				9D0DFACC166E140F00431132 /* Frameworks */,
				9D0DFACD166E140F00431132 /* Resources */,
			);
			buildRules = (
			);
			dependencies = (
			);
			name = MeetMyPet;
			productName = MeetMyPet;
			productReference = 9D0DFACF166E140F00431132 /* MeetMyPet.app */;
			productType = "com.apple.product-type.application";
		};
/* End PBXNativeTarget section */

/* Begin PBXProject section */
		9D0DFAC6166E140F00431132 /* Project object */ = {
			isa = PBXProject;
			attributes = {
				CLASSPREFIX = TP;
				LastUpgradeCheck = 0450;
				ORGANIZATIONNAME = aclin;
			};
			buildConfigurationList = 9D0DFAC9166E140F00431132 /* Build configuration list for PBXProject "MeetMyPet" */;
			compatibilityVersion = "Xcode 3.2";
			developmentRegion = English;
			hasScannedForEncodings = 0;
			knownRegions = (
				en,
			);
			mainGroup = 9D0DFAC4166E140F00431132;
			productRefGroup = 9D0DFAD0166E140F00431132 /* Products */;
			projectDirPath = "";
			projectRoot = "";
			targets = (
				9D0DFACE166E140F00431132 /* MeetMyPet */,
			);
		};
/* End PBXProject section */

/* Begin PBXResourcesBuildPhase section */
		9D0DFACD166E140F00431132 /* Resources */ = {
			isa = PBXResourcesBuildPhase;
			buildActionMask = 2147483647;
			files = (
				9D0DFADE166E140F00431132 /* InfoPlist.strings in Resources */,
				9D0DFAED166E140F00431132 /* MainStoryboard.storyboard in Resources */,
				9D0DFAF2166E140F00431132 /* first.png in Resources */,
				9D0DFAF4166E140F00431132 /* first@2x.png in Resources */,
				9D0DFAF9166E140F00431132 /* second.png in Resources */,
				9D0DFAFB166E140F00431132 /* second@2x.png in Resources */,
				9DA1647B167A1BB1003CE8FF /* takeMeHome.png in Resources */,
				9DA1647F167A1E64003CE8FF /* X-Large_278x44_glowy.png in Resources */,
				9DA1648C167A217B003CE8FF /* FacebookSDKResources.bundle in Resources */,
				9D7F1181167AB1A3006C45C8 /* default_photo.png in Resources */,
				9D7F1182167AB1A3006C45C8 /* default_photo@2x.png in Resources */,
				ED28E271167AD38F0054BEF3 /* 82-dog-paw.png in Resources */,
				ED28E272167AD38F0054BEF3 /* 86-camera.png in Resources */,
				ED28E273167AD38F0054BEF3 /* action-location.png in Resources */,
				ED28E274167AD38F0054BEF3 /* action-people.png in Resources */,
				ED28E275167AD38F0054BEF3 /* action-photo.png in Resources */,
				ED28E276167AD38F0054BEF3 /* Paw.png in Resources */,
				ED257071167F579900163A54 /* TPFoundToolbar.xib in Resources */,
				ED257073167F5E8D00163A54 /* TPLostToolbar.xib in Resources */,
				ED257079167F686400163A54 /* appicon.png in Resources */,
				ED25707D167F72CA00163A54 /* Icon.png in Resources */,
				ED25707F167F72E500163A54 /* Default.png in Resources */,
				ED257081167F730100163A54 /* launchimage.png in Resources */,
				ED257083167F735700163A54 /* Default@2x.png in Resources */,
				ED257087167F73E400163A54 /* appicon@2x.png in Resources */,
				9DA5C8B9167E345C00159879 /* local_profile.plist in Resources */,
				F4A94415167F750100020104 /* appicon.png in Resources */,
				F4A94417167F750900020104 /* appicon@2x.png in Resources */,
				F4A9441B167F752100020104 /* Default@2x.png in Resources */,
				F4A9441F167F775000020104 /* background.png in Resources */,
				F4A94421167F816100020104 /* Default.png in Resources */,
			);
			runOnlyForDeploymentPostprocessing = 0;
		};
/* End PBXResourcesBuildPhase section */

/* Begin PBXSourcesBuildPhase section */
		9D0DFACB166E140F00431132 /* Sources */ = {
			isa = PBXSourcesBuildPhase;
			buildActionMask = 2147483647;
			files = (
				9D0DFAE0166E140F00431132 /* main.m in Sources */,
				9D0DFAF0166E140F00431132 /* TPCameraViewController.m in Sources */,
				9DDD0298166F092400F6FE1B /* TPFeedTableViewController.m in Sources */,
				9DDD02B0166F3A7400F6FE1B /* TPFeedTableCell.m in Sources */,
				9D09EA0816727A4300AF676E /* TPLostFormViewController.m in Sources */,
				9D1B9A36167385C90076F90F /* TPFoundFormViewController.m in Sources */,
				9D1B9A4116745ECE0076F90F /* TPLostFoundCollectionViewController.m in Sources */,
				ED28E261167ACEED0054BEF3 /* TPProfileTableViewController.m in Sources */,
				ED28E264167ACF4D0054BEF3 /* TPLoginViewController.m in Sources */,
				ED28E267167ACFB40054BEF3 /* TPHomeViewController.m in Sources */,
				ED28E26A167AD0860054BEF3 /* TPAppDelegate.m in Sources */,
				ED28E279167AD4450054BEF3 /* TPEditProfileTableViewController.m in Sources */,
				ED257008167EECBB00163A54 /* TPAdoptTableViewController.m in Sources */,
				ED257010167EF4E900163A54 /* TPAdoptCollectionViewController.m in Sources */,
				F4A943D9167EEEF500020104 /* BHAlbum.m in Sources */,
				F4A943DA167EEEF500020104 /* BHPhoto.m in Sources */,
				F4A943E6167EEF8200020104 /* BHAlbumPhotoCell.m in Sources */,
				F4A943E7167EEF8200020104 /* BHAlbumTitleReusableView.m in Sources */,
				F4A943E8167EEF8200020104 /* BHCollectionViewController.m in Sources */,
				F4A943E9167EEF8200020104 /* BHEmblemView.m in Sources */,
				F4A943EA167EEF8200020104 /* BHPhotoAlbumLayout.m in Sources */,
			);
			runOnlyForDeploymentPostprocessing = 0;
		};
/* End PBXSourcesBuildPhase section */

/* Begin PBXVariantGroup section */
		9D0DFADC166E140F00431132 /* InfoPlist.strings */ = {
			isa = PBXVariantGroup;
			children = (
				9D0DFADD166E140F00431132 /* en */,
			);
			name = InfoPlist.strings;
			sourceTree = "<group>";
		};
		9D0DFAEB166E140F00431132 /* MainStoryboard.storyboard */ = {
			isa = PBXVariantGroup;
			children = (
				9D0DFAEC166E140F00431132 /* en */,
			);
			name = MainStoryboard.storyboard;
			sourceTree = "<group>";
		};
/* End PBXVariantGroup section */

/* Begin XCBuildConfiguration section */
		9D0DFAFC166E140F00431132 /* Debug */ = {
			isa = XCBuildConfiguration;
			buildSettings = {
				ALWAYS_SEARCH_USER_PATHS = NO;
				CLANG_CXX_LANGUAGE_STANDARD = "gnu++0x";
				CLANG_CXX_LIBRARY = "libc++";
				CLANG_ENABLE_OBJC_ARC = YES;
				CLANG_WARN_EMPTY_BODY = YES;
				CLANG_WARN__DUPLICATE_METHOD_MATCH = YES;
				"CODE_SIGN_IDENTITY[sdk=iphoneos*]" = "iPhone Developer";
				COPY_PHASE_STRIP = NO;
				GCC_C_LANGUAGE_STANDARD = gnu99;
				GCC_DYNAMIC_NO_PIC = NO;
				GCC_OPTIMIZATION_LEVEL = 0;
				GCC_PREPROCESSOR_DEFINITIONS = (
					"DEBUG=1",
					"$(inherited)",
				);
				GCC_SYMBOLS_PRIVATE_EXTERN = NO;
				GCC_WARN_ABOUT_RETURN_TYPE = YES;
				GCC_WARN_UNINITIALIZED_AUTOS = YES;
				GCC_WARN_UNUSED_VARIABLE = YES;
				IPHONEOS_DEPLOYMENT_TARGET = 6.0;
				OTHER_LDFLAGS = "-lsqlite3.0";
				SDKROOT = iphoneos;
			};
			name = Debug;
		};
		9D0DFAFD166E140F00431132 /* Release */ = {
			isa = XCBuildConfiguration;
			buildSettings = {
				ALWAYS_SEARCH_USER_PATHS = NO;
				CLANG_CXX_LANGUAGE_STANDARD = "gnu++0x";
				CLANG_CXX_LIBRARY = "libc++";
				CLANG_ENABLE_OBJC_ARC = YES;
				CLANG_WARN_EMPTY_BODY = YES;
				CLANG_WARN__DUPLICATE_METHOD_MATCH = YES;
				"CODE_SIGN_IDENTITY[sdk=iphoneos*]" = "iPhone Developer";
				COPY_PHASE_STRIP = YES;
				GCC_C_LANGUAGE_STANDARD = gnu99;
				GCC_WARN_ABOUT_RETURN_TYPE = YES;
				GCC_WARN_UNINITIALIZED_AUTOS = YES;
				GCC_WARN_UNUSED_VARIABLE = YES;
				IPHONEOS_DEPLOYMENT_TARGET = 6.0;
				OTHER_CFLAGS = "-DNS_BLOCK_ASSERTIONS=1";
				OTHER_LDFLAGS = "-lsqlite3.0";
				SDKROOT = iphoneos;
				VALIDATE_PRODUCT = YES;
			};
			name = Release;
		};
		9D0DFAFF166E140F00431132 /* Debug */ = {
			isa = XCBuildConfiguration;
			buildSettings = {
				FRAMEWORK_SEARCH_PATHS = (
					"$(inherited)",
					"\"$(SRCROOT)\"",
				);
				GCC_PRECOMPILE_PREFIX_HEADER = YES;
				GCC_PREFIX_HEADER = "MeetMyPet/MeetMyPet-Prefix.pch";
				INFOPLIST_FILE = "MeetMyPet/MeetMyPet-Info.plist";
				IPHONEOS_DEPLOYMENT_TARGET = 6.0;
				PRODUCT_NAME = "$(TARGET_NAME)";
				WRAPPER_EXTENSION = app;
			};
			name = Debug;
		};
		9D0DFB00166E140F00431132 /* Release */ = {
			isa = XCBuildConfiguration;
			buildSettings = {
				FRAMEWORK_SEARCH_PATHS = (
					"$(inherited)",
					"\"$(SRCROOT)\"",
				);
				GCC_PRECOMPILE_PREFIX_HEADER = YES;
				GCC_PREFIX_HEADER = "MeetMyPet/MeetMyPet-Prefix.pch";
				INFOPLIST_FILE = "MeetMyPet/MeetMyPet-Info.plist";
				IPHONEOS_DEPLOYMENT_TARGET = 6.0;
				PRODUCT_NAME = "$(TARGET_NAME)";
				WRAPPER_EXTENSION = app;
			};
			name = Release;
		};
/* End XCBuildConfiguration section */

/* Begin XCConfigurationList section */
		9D0DFAC9166E140F00431132 /* Build configuration list for PBXProject "MeetMyPet" */ = {
			isa = XCConfigurationList;
			buildConfigurations = (
				9D0DFAFC166E140F00431132 /* Debug */,
				9D0DFAFD166E140F00431132 /* Release */,
			);
			defaultConfigurationIsVisible = 0;
			defaultConfigurationName = Release;
		};
		9D0DFAFE166E140F00431132 /* Build configuration list for PBXNativeTarget "MeetMyPet" */ = {
			isa = XCConfigurationList;
			buildConfigurations = (
				9D0DFAFF166E140F00431132 /* Debug */,
				9D0DFB00166E140F00431132 /* Release */,
			);
			defaultConfigurationIsVisible = 0;
			defaultConfigurationName = Release;
		};
/* End XCConfigurationList section */
	};
	rootObject = 9D0DFAC6166E140F00431132 /* Project object */;
}
